
Microsoft Visual Studio Solution File, Format Version 12.00
# Visual Studio Version 16
VisualStudioVersion = 16.0.29306.81
MinimumVisualStudioVersion = 10.0.40219.1
Project("{FAE04EC0-301F-11D3-BF4B-00C04F79EFBC}") = "NoteChad++", "NoteChad++\NoteChad++.csproj", "{265F02DB-C0CE-459A-9D84-09AFA1552306}"
EndProject
Project("{FAE04EC0-301F-11D3-BF4B-00C04F79EFBC}") = "NoteChadTests", "NoteChadTests\NoteChadTests.csproj", "{F555BE72-93DC-455B-9C52-9FD4188A83B5}"
EndProject
Global
	GlobalSection(SolutionConfigurationPlatforms) = preSolution
		Debug|Any CPU = Debug|Any CPU
		Release|Any CPU = Release|Any CPU
	EndGlobalSection
	GlobalSection(ProjectConfigurationPlatforms) = postSolution
		{265F02DB-C0CE-459A-9D84-09AFA1552306}.Debug|Any CPU.ActiveCfg = Debug|Any CPU
		{265F02DB-C0CE-459A-9D84-09AFA1552306}.Debug|Any CPU.Build.0 = Debug|Any CPU
		{265F02DB-C0CE-459A-9D84-09AFA1552306}.Release|Any CPU.ActiveCfg = Release|Any CPU
		{265F02DB-C0CE-459A-9D84-09AFA1552306}.Release|Any CPU.Build.0 = Release|Any CPU
		{F555BE72-93DC-455B-9C52-9FD4188A83B5}.Debug|Any CPU.ActiveCfg = Debug|Any CPU
		{F555BE72-93DC-455B-9C52-9FD4188A83B5}.Debug|Any CPU.Build.0 = Debug|Any CPU
		{F555BE72-93DC-455B-9C52-9FD4188A83B5}.Release|Any CPU.ActiveCfg = Release|Any CPU
		{F555BE72-93DC-455B-9C52-9FD4188A83B5}.Release|Any CPU.Build.0 = Release|Any CPU
	EndGlobalSection
	GlobalSection(SolutionProperties) = preSolution
		HideSolutionNode = FALSE
	EndGlobalSection
	GlobalSection(ExtensibilityGlobals) = postSolution
		SolutionGuid = {ADAE84B9-F87D-4254-87D5-7F78B74A5155}
	EndGlobalSection
EndGlobal
